
Microsoft Visual Studio Solution File, Format Version 12.00
# Visual Studio Version 16
VisualStudioVersion = 16.0.33529.622
MinimumVisualStudioVersion = 10.0.40219.1
Project("{FAE04EC0-301F-11D3-BF4B-00C04F79EFBC}") = "KumulacjaLotto", "KumulacjaLotto\KumulacjaLotto.csproj", "{57F5D710-6CED-4D9C-9C54-6DCB37762306}"
EndProject
Global
	GlobalSection(SolutionConfigurationPlatforms) = preSolution
		Debug|Any CPU = Debug|Any CPU
		Release|Any CPU = Release|Any CPU
	EndGlobalSection
	GlobalSection(ProjectConfigurationPlatforms) = postSolution
		{57F5D710-6CED-4D9C-9C54-6DCB37762306}.Debug|Any CPU.ActiveCfg = Debug|Any CPU
		{57F5D710-6CED-4D9C-9C54-6DCB37762306}.Debug|Any CPU.Build.0 = Debug|Any CPU
		{57F5D710-6CED-4D9C-9C54-6DCB37762306}.Release|Any CPU.ActiveCfg = Release|Any CPU
		{57F5D710-6CED-4D9C-9C54-6DCB37762306}.Release|Any CPU.Build.0 = Release|Any CPU
	EndGlobalSection
	GlobalSection(SolutionProperties) = preSolution
		HideSolutionNode = FALSE
	EndGlobalSection
	GlobalSection(ExtensibilityGlobals) = postSolution
		SolutionGuid = {0F8BBC8C-E412-4F87-9E49-DC159678CC9D}
	EndGlobalSection
EndGlobal
